// !$*UTF8*$!
{
	archiveVersion = 1;
	classes = {
	};
	objectVersion = 48;
	objects = {

/* Begin PBXBuildFile section */
		0B1DC83820A7FC1D00292DED /* game.c in Sources */ = {isa = PBXBuildFile; fileRef = 0B1DC83620A7FC1D00292DED /* game.c */; };
		0B1DC83920A7FC1D00292DED /* game_mp.c in Sources */ = {isa = PBXBuildFile; fileRef = 0B1DC83720A7FC1D00292DED /* game_mp.c */; };
		0B1DC83C20A7FE1700292DED /* libomp.dylib in Frameworks */ = {isa = PBXBuildFile; fileRef = 0B1DC83B20A7FE1700292DED /* libomp.dylib */; };
/* End PBXBuildFile section */

/* Begin PBXCopyFilesBuildPhase section */
		0B1DC82A20A7FBFC00292DED /* CopyFiles */ = {
			isa = PBXCopyFilesBuildPhase;
			buildActionMask = 2147483647;
			dstPath = /usr/share/man/man1/;
			dstSubfolderSpec = 0;
			files = (
			);
			runOnlyForDeploymentPostprocessing = 1;
		};
/* End PBXCopyFilesBuildPhase section */

/* Begin PBXFileReference section */
		0B1DC82C20A7FBFC00292DED /* gameoflife */ = {isa = PBXFileReference; explicitFileType = "compiled.mach-o.executable"; includeInIndex = 0; path = gameoflife; sourceTree = BUILT_PRODUCTS_DIR; };
		0B1DC83620A7FC1D00292DED /* game.c */ = {isa = PBXFileReference; fileEncoding = 4; lastKnownFileType = sourcecode.c.c; path = game.c; sourceTree = SOURCE_ROOT; };
		0B1DC83720A7FC1D00292DED /* game_mp.c */ = {isa = PBXFileReference; fileEncoding = 4; lastKnownFileType = sourcecode.c.c; path = game_mp.c; sourceTree = SOURCE_ROOT; };
		0B1DC83B20A7FE1700292DED /* libomp.dylib */ = {isa = PBXFileReference; lastKnownFileType = "compiled.mach-o.dylib"; name = libomp.dylib; path = ../../../../../../../usr/local/Cellar/llvm/6.0.0/lib/libomp.dylib; sourceTree = "<group>"; };
/* End PBXFileReference section */

/* Begin PBXFrameworksBuildPhase section */
		0B1DC82920A7FBFC00292DED /* Frameworks */ = {
			isa = PBXFrameworksBuildPhase;
			buildActionMask = 2147483647;
			files = (
				0B1DC83C20A7FE1700292DED /* libomp.dylib in Frameworks */,
			);
			runOnlyForDeploymentPostprocessing = 0;
		};
/* End PBXFrameworksBuildPhase section */

/* Begin PBXGroup section */
		0B1DC82320A7FBFB00292DED = {
			isa = PBXGroup;
			children = (
				0B1DC82E20A7FBFC00292DED /* gameoflife */,
				0B1DC82D20A7FBFC00292DED /* Products */,
				0B1DC83A20A7FE1700292DED /* Frameworks */,
			);
			sourceTree = "<group>";
		};
		0B1DC82D20A7FBFC00292DED /* Products */ = {
			isa = PBXGroup;
			children = (
				0B1DC82C20A7FBFC00292DED /* gameoflife */,
			);
			name = Products;
			sourceTree = "<group>";
		};
		0B1DC82E20A7FBFC00292DED /* gameoflife */ = {
			isa = PBXGroup;
			children = (
				0B1DC83720A7FC1D00292DED /* game_mp.c */,
				0B1DC83620A7FC1D00292DED /* game.c */,
			);
			path = gameoflife;
			sourceTree = "<group>";
		};
		0B1DC83A20A7FE1700292DED /* Frameworks */ = {
			isa = PBXGroup;
			children = (
				0B1DC83B20A7FE1700292DED /* libomp.dylib */,
			);
			name = Frameworks;
			sourceTree = "<group>";
		};
/* End PBXGroup section */

/* Begin PBXNativeTarget section */
		0B1DC82B20A7FBFC00292DED /* gameoflife */ = {
			isa = PBXNativeTarget;
			buildConfigurationList = 0B1DC83320A7FBFC00292DED /* Build configuration list for PBXNativeTarget "gameoflife" */;
			buildPhases = (
				0B1DC82820A7FBFC00292DED /* Sources */,
				0B1DC82920A7FBFC00292DED /* Frameworks */,
				0B1DC82A20A7FBFC00292DED /* CopyFiles */,
			);
			buildRules = (
			);
			dependencies = (
			);
			name = gameoflife;
			productName = gameoflife;
			productReference = 0B1DC82C20A7FBFC00292DED /* gameoflife */;
			productType = "com.apple.product-type.tool";
		};
/* End PBXNativeTarget section */

/* Begin PBXProject section */
		0B1DC82420A7FBFB00292DED /* Project object */ = {
			isa = PBXProject;
			attributes = {
				LastUpgradeCheck = 0900;
				ORGANIZATIONNAME = "Felipe Brizola";
				TargetAttributes = {
					0B1DC82B20A7FBFC00292DED = {
						CreatedOnToolsVersion = 9.0;
						ProvisioningStyle = Automatic;
					};
				};
			};
			buildConfigurationList = 0B1DC82720A7FBFB00292DED /* Build configuration list for PBXProject "gameoflife" */;
			compatibilityVersion = "Xcode 8.0";
			developmentRegion = en;
			hasScannedForEncodings = 0;
			knownRegions = (
				en,
			);
			mainGroup = 0B1DC82320A7FBFB00292DED;
			productRefGroup = 0B1DC82D20A7FBFC00292DED /* Products */;
			projectDirPath = "";
			projectRoot = "";
			targets = (
				0B1DC82B20A7FBFC00292DED /* gameoflife */,
			);
		};
/* End PBXProject section */

/* Begin PBXSourcesBuildPhase section */
		0B1DC82820A7FBFC00292DED /* Sources */ = {
			isa = PBXSourcesBuildPhase;
			buildActionMask = 2147483647;
			files = (
				0B1DC83920A7FC1D00292DED /* game_mp.c in Sources */,
				0B1DC83820A7FC1D00292DED /* game.c in Sources */,
			);
			runOnlyForDeploymentPostprocessing = 0;
		};
/* End PBXSourcesBuildPhase section */

/* Begin XCBuildConfiguration section */
		0B1DC83120A7FBFC00292DED /* Debug */ = {
			isa = XCBuildConfiguration;
			buildSettings = {
				ALWAYS_SEARCH_USER_PATHS = NO;
				CC = /usr/local/opt/llvm/bin/clang;
				CLANG_ANALYZER_NONNULL = YES;
				CLANG_ANALYZER_NUMBER_OBJECT_CONVERSION = YES_AGGRESSIVE;
				CLANG_CXX_LANGUAGE_STANDARD = "gnu++14";
				CLANG_CXX_LIBRARY = "libc++";
				CLANG_ENABLE_MODULES = NO;
				CLANG_ENABLE_OBJC_ARC = YES;
				CLANG_WARN_BLOCK_CAPTURE_AUTORELEASING = YES;
				CLANG_WARN_BOOL_CONVERSION = YES;
				CLANG_WARN_COMMA = YES;
				CLANG_WARN_CONSTANT_CONVERSION = YES;
				CLANG_WARN_DIRECT_OBJC_ISA_USAGE = YES_ERROR;
				CLANG_WARN_DOCUMENTATION_COMMENTS = YES;
				CLANG_WARN_EMPTY_BODY = YES;
				CLANG_WARN_ENUM_CONVERSION = YES;
				CLANG_WARN_INFINITE_RECURSION = YES;
				CLANG_WARN_INT_CONVERSION = YES;
				CLANG_WARN_NON_LITERAL_NULL_CONVERSION = YES;
				CLANG_WARN_OBJC_LITERAL_CONVERSION = YES;
				CLANG_WARN_OBJC_ROOT_CLASS = YES_ERROR;
				CLANG_WARN_RANGE_LOOP_ANALYSIS = YES;
				CLANG_WARN_STRICT_PROTOTYPES = YES;
				CLANG_WARN_SUSPICIOUS_MOVE = YES;
				CLANG_WARN_UNGUARDED_AVAILABILITY = YES_AGGRESSIVE;
				CLANG_WARN_UNREACHABLE_CODE = YES;
				CLANG_WARN__DUPLICATE_METHOD_MATCH = YES;
				CODE_SIGN_IDENTITY = "-";
				COPY_PHASE_STRIP = NO;
				DEBUG_INFORMATION_FORMAT = dwarf;
				ENABLE_STRICT_OBJC_MSGSEND = YES;
				ENABLE_TESTABILITY = YES;
				GCC_C_LANGUAGE_STANDARD = gnu11;
				GCC_DYNAMIC_NO_PIC = NO;
				GCC_NO_COMMON_BLOCKS = YES;
				GCC_OPTIMIZATION_LEVEL = 0;
				GCC_PREPROCESSOR_DEFINITIONS = (
					"DEBUG=1",
					"$(inherited)",
				);
				GCC_WARN_64_TO_32_BIT_CONVERSION = YES;
				GCC_WARN_ABOUT_RETURN_TYPE = YES_ERROR;
				GCC_WARN_UNDECLARED_SELECTOR = YES;
				GCC_WARN_UNINITIALIZED_AUTOS = YES_AGGRESSIVE;
				GCC_WARN_UNUSED_FUNCTION = YES;
				GCC_WARN_UNUSED_VARIABLE = YES;
				HEADER_SEARCH_PATHS = /usr/local/opt/llvm/lib/clang/4.0.1/include;
				LIBRARY_SEARCH_PATHS = " /usr/local/opt/llvm/lib";
				MACOSX_DEPLOYMENT_TARGET = 10.13;
				MTL_ENABLE_DEBUG_INFO = YES;
				ONLY_ACTIVE_ARCH = YES;
				OTHER_CFLAGS = "-fopenmp ";
				SDKROOT = macosx;
			};
			name = Debug;
		};
		0B1DC83220A7FBFC00292DED /* Release */ = {
			isa = XCBuildConfiguration;
			buildSettings = {
				ALWAYS_SEARCH_USER_PATHS = NO;
				CC = /usr/local/opt/llvm/bin/clang;
				CLANG_ANALYZER_NONNULL = YES;
				CLANG_ANALYZER_NUMBER_OBJECT_CONVERSION = YES_AGGRESSIVE;
				CLANG_CXX_LANGUAGE_STANDARD = "gnu++14";
				CLANG_CXX_LIBRARY = "libc++";
				CLANG_ENABLE_MODULES = NO;
				CLANG_ENABLE_OBJC_ARC = YES;
				CLANG_WARN_BLOCK_CAPTURE_AUTORELEASING = YES;
				CLANG_WARN_BOOL_CONVERSION = YES;
				CLANG_WARN_COMMA = YES;
				CLANG_WARN_CONSTANT_CONVERSION = YES;
				CLANG_WARN_DIRECT_OBJC_ISA_USAGE = YES_ERROR;
				CLANG_WARN_DOCUMENTATION_COMMENTS = YES;
				CLANG_WARN_EMPTY_BODY = YES;
				CLANG_WARN_ENUM_CONVERSION = YES;
				CLANG_WARN_INFINITE_RECURSION = YES;
				CLANG_WARN_INT_CONVERSION = YES;
				CLANG_WARN_NON_LITERAL_NULL_CONVERSION = YES;
				CLANG_WARN_OBJC_LITERAL_CONVERSION = YES;
				CLANG_WARN_OBJC_ROOT_CLASS = YES_ERROR;
				CLANG_WARN_RANGE_LOOP_ANALYSIS = YES;
				CLANG_WARN_STRICT_PROTOTYPES = YES;
				CLANG_WARN_SUSPICIOUS_MOVE = YES;
				CLANG_WARN_UNGUARDED_AVAILABILITY = YES_AGGRESSIVE;
				CLANG_WARN_UNREACHABLE_CODE = YES;
				CLANG_WARN__DUPLICATE_METHOD_MATCH = YES;
				CODE_SIGN_IDENTITY = "-";
				COPY_PHASE_STRIP = NO;
				DEBUG_INFORMATION_FORMAT = "dwarf-with-dsym";
				ENABLE_NS_ASSERTIONS = NO;
				ENABLE_STRICT_OBJC_MSGSEND = YES;
				GCC_C_LANGUAGE_STANDARD = gnu11;
				GCC_NO_COMMON_BLOCKS = YES;
				GCC_WARN_64_TO_32_BIT_CONVERSION = YES;
				GCC_WARN_ABOUT_RETURN_TYPE = YES_ERROR;
				GCC_WARN_UNDECLARED_SELECTOR = YES;
				GCC_WARN_UNINITIALIZED_AUTOS = YES_AGGRESSIVE;
				GCC_WARN_UNUSED_FUNCTION = YES;
				GCC_WARN_UNUSED_VARIABLE = YES;
				HEADER_SEARCH_PATHS = /usr/local/opt/llvm/lib/clang/4.0.1/include;
				LIBRARY_SEARCH_PATHS = " /usr/local/opt/llvm/lib";
				MACOSX_DEPLOYMENT_TARGET = 10.13;
				MTL_ENABLE_DEBUG_INFO = NO;
				OTHER_CFLAGS = "-fopenmp ";
				SDKROOT = macosx;
			};
			name = Release;
		};
		0B1DC83420A7FBFC00292DED /* Debug */ = {
			isa = XCBuildConfiguration;
			buildSettings = {
				CODE_SIGN_STYLE = Automatic;
				COMPILER_INDEX_STORE_ENABLE = NO;
				HEADER_SEARCH_PATHS = /usr/local/opt/llvm/lib/clang/6.0.0/include;
				LIBRARY_SEARCH_PATHS = /usr/local/Cellar/llvm/6.0.0/lib;
				PRODUCT_NAME = "$(TARGET_NAME)";
			};
			name = Debug;
		};
		0B1DC83520A7FBFC00292DED /* Release */ = {
			isa = XCBuildConfiguration;
			buildSettings = {
				CODE_SIGN_STYLE = Automatic;
				COMPILER_INDEX_STORE_ENABLE = NO;
				HEADER_SEARCH_PATHS = /usr/local/opt/llvm/lib/clang/6.0.0/include;
				LIBRARY_SEARCH_PATHS = /usr/local/Cellar/llvm/6.0.0/lib;
				PRODUCT_NAME = "$(TARGET_NAME)";
			};
			name = Release;
		};
/* End XCBuildConfiguration section */

/* Begin XCConfigurationList section */
		0B1DC82720A7FBFB00292DED /* Build configuration list for PBXProject "gameoflife" */ = {
			isa = XCConfigurationList;
			buildConfigurations = (
				0B1DC83120A7FBFC00292DED /* Debug */,
				0B1DC83220A7FBFC00292DED /* Release */,
			);
			defaultConfigurationIsVisible = 0;
			defaultConfigurationName = Release;
		};
		0B1DC83320A7FBFC00292DED /* Build configuration list for PBXNativeTarget "gameoflife" */ = {
			isa = XCConfigurationList;
			buildConfigurations = (
				0B1DC83420A7FBFC00292DED /* Debug */,
				0B1DC83520A7FBFC00292DED /* Release */,
			);
			defaultConfigurationIsVisible = 0;
			defaultConfigurationName = Release;
		};
/* End XCConfigurationList section */
	};
	rootObject = 0B1DC82420A7FBFB00292DED /* Project object */;
}
